{
  "name": "Visit360.github.io",
  "lockfileVersion": 2,
  "requires": true,
  "packages": {
    "": {
      "dependencies": {
        "fs": "^0.0.1-security",
        "fs-browsers": "^1.3.0"
      }
    },
    "node_modules/axios": {
      "version": "0.22.0",
      "resolved": "https://registry.npmjs.org/axios/-/axios-0.22.0.tgz",
      "integrity": "sha512-Z0U3uhqQeg1oNcihswf4ZD57O3NrR1+ZXhxaROaWpDmsDTx7T2HNBV2ulBtie2hwJptu8UvgnJoK+BIqdzh/1w==",
      "dependencies": {
        "follow-redirects": "^1.14.4"
      }
    },
    "node_modules/export-to-excel.js": {
      "version": "2.0.5",
      "resolved": "https://registry.npmjs.org/export-to-excel.js/-/export-to-excel.js-2.0.5.tgz",
      "integrity": "sha512-kw/Qu/kvmEckPXXX0Wtrres/MUrI1ZY5S/FqmN7PerVj+jzjk6lSpYp8u3UH/KIt3HcpCGV86p9iWpxgSOMVBA==",
      "dependencies": {
        "axios": "^0.22.0"
      }
    },
    "node_modules/follow-redirects": {
      "version": "1.15.2",
      "resolved": "https://registry.npmjs.org/follow-redirects/-/follow-redirects-1.15.2.tgz",
      "integrity": "sha512-VQLG33o04KaQ8uYi2tVNbdrWp1QWxNNea+nmIB4EVM28v0hmP17z7aG1+wAkNzVq4KeXTq3221ye5qTJP91JwA==",
      "funding": [
        {
          "type": "individual",
          "url": "https://github.com/sponsors/RubenVerborgh"
        }
      ],
      "engines": {
        "node": ">=4.0"
      },
      "peerDependenciesMeta": {
        "debug": {
          "optional": true
        }
      }
    },
    "node_modules/fs": {
      "version": "0.0.1-security",
      "resolved": "https://registry.npmjs.org/fs/-/fs-0.0.1-security.tgz",
      "integrity": "sha512-3XY9e1pP0CVEUCdj5BmfIZxRBTSDycnbqhIOGec9QYtmVH2fbLpj86CFWkrNOkt/Fvty4KZG5lTglL9j/gJ87w=="
    },
    "node_modules/fs-browsers": {
      "version": "1.3.0",
      "resolved": "https://registry.npmjs.org/fs-browsers/-/fs-browsers-1.3.0.tgz",
      "integrity": "sha512-75gXu3QftUOV2L4Nm31ZFBpLUoQLvLpZWf+UMCkyrjC15JF7qlpuLg03EHRJa+c3yxAFXbmeNNciFEDAcu4UKA==",
      "dependencies": {
        "export-to-excel.js": "^2.0.4"
      }
    }
  },
  "dependencies": {
    "axios": {
      "version": "0.22.0",
      "resolved": "https://registry.npmjs.org/axios/-/axios-0.22.0.tgz",
      "integrity": "sha512-Z0U3uhqQeg1oNcihswf4ZD57O3NrR1+ZXhxaROaWpDmsDTx7T2HNBV2ulBtie2hwJptu8UvgnJoK+BIqdzh/1w==",
      "requires": {
        "follow-redirects": "^1.14.4"
      }
    },
    "export-to-excel.js": {
      "version": "2.0.5",
      "resolved": "https://registry.npmjs.org/export-to-excel.js/-/export-to-excel.js-2.0.5.tgz",
      "integrity": "sha512-kw/Qu/kvmEckPXXX0Wtrres/MUrI1ZY5S/FqmN7PerVj+jzjk6lSpYp8u3UH/KIt3HcpCGV86p9iWpxgSOMVBA==",
      "requires": {
        "axios": "^0.22.0"
      }
    },
    "follow-redirects": {
      "version": "1.15.2",
      "resolved": "https://registry.npmjs.org/follow-redirects/-/follow-redirects-1.15.2.tgz",
      "integrity": "sha512-VQLG33o04KaQ8uYi2tVNbdrWp1QWxNNea+nmIB4EVM28v0hmP17z7aG1+wAkNzVq4KeXTq3221ye5qTJP91JwA=="
    },
    "fs": {
      "version": "0.0.1-security",
      "resolved": "https://registry.npmjs.org/fs/-/fs-0.0.1-security.tgz",
      "integrity": "sha512-3XY9e1pP0CVEUCdj5BmfIZxRBTSDycnbqhIOGec9QYtmVH2fbLpj86CFWkrNOkt/Fvty4KZG5lTglL9j/gJ87w=="
    },
    "fs-browsers": {
      "version": "1.3.0",
      "resolved": "https://registry.npmjs.org/fs-browsers/-/fs-browsers-1.3.0.tgz",
      "integrity": "sha512-75gXu3QftUOV2L4Nm31ZFBpLUoQLvLpZWf+UMCkyrjC15JF7qlpuLg03EHRJa+c3yxAFXbmeNNciFEDAcu4UKA==",
      "requires": {
        "export-to-excel.js": "^2.0.4"
      }
    }
  }
}
